
Microsoft Visual Studio Solution File, Format Version 12.00
# Visual Studio Version 16
VisualStudioVersion = 16.0.35731.53
MinimumVisualStudioVersion = 10.0.40219.1
Project("{8BC9CEB8-8B4A-11D0-8D11-00A0C91BC942}") = "Backend", "Backend\Backend.vcxproj", "{406DF32F-9BC6-40B5-948C-117154A92F1A}"
EndProject
Global
	GlobalSection(SolutionConfigurationPlatforms) = preSolution
		Debug|x64 = Debug|x64
		Debug|x86 = Debug|x86
		Release|x64 = Release|x64
		Release|x86 = Release|x86
	EndGlobalSection
	GlobalSection(ProjectConfigurationPlatforms) = postSolution
		{406DF32F-9BC6-40B5-948C-117154A92F1A}.Debug|x64.ActiveCfg = Debug|x64
		{406DF32F-9BC6-40B5-948C-117154A92F1A}.Debug|x64.Build.0 = Debug|x64
		{406DF32F-9BC6-40B5-948C-117154A92F1A}.Debug|x86.ActiveCfg = Debug|Win32
		{406DF32F-9BC6-40B5-948C-117154A92F1A}.Debug|x86.Build.0 = Debug|Win32
		{406DF32F-9BC6-40B5-948C-117154A92F1A}.Release|x64.ActiveCfg = Release|x64
		{406DF32F-9BC6-40B5-948C-117154A92F1A}.Release|x64.Build.0 = Release|x64
		{406DF32F-9BC6-40B5-948C-117154A92F1A}.Release|x86.ActiveCfg = Release|Win32
		{406DF32F-9BC6-40B5-948C-117154A92F1A}.Release|x86.Build.0 = Release|Win32
	EndGlobalSection
	GlobalSection(SolutionProperties) = preSolution
		HideSolutionNode = FALSE
	EndGlobalSection
	GlobalSection(ExtensibilityGlobals) = postSolution
		SolutionGuid = {56158D43-7431-416C-AFDD-0A75D30E5A15}
	EndGlobalSection
EndGlobal
